
Microsoft Visual Studio Solution File, Format Version 12.00
# Visual Studio 15
VisualStudioVersion = 15.0.28010.2048
MinimumVisualStudioVersion = 10.0.40219.1
Project("{2150E333-8FDC-42A3-9474-1A3956D46DE8}") = "src", "src", "{9E58572A-EE0F-47C9-A7C1-0FF831517CCD}"
EndProject
Project("{2150E333-8FDC-42A3-9474-1A3956D46DE8}") = "tests", "tests", "{CCBF7173-0CA3-4921-A683-0E6C59897A2C}"
EndProject
Project("{FAE04EC0-301F-11D3-BF4B-00C04F79EFBC}") = "HomeBudgetManager.Web", "src\HomeBudgetManager.Web\HomeBudgetManager.Web.csproj", "{C0F9D94E-1B01-4031-B465-2EBD8ACC0F2C}"
EndProject
Project("{FAE04EC0-301F-11D3-BF4B-00C04F79EFBC}") = "HomeBudgetManager.Test", "src\HomeBudgetManager.Test\HomeBudgetManager.Test.csproj", "{8375334A-5851-4F5D-B79E-4593961FC7DF}"
EndProject
Project("{D954291E-2A0B-460D-934E-DC6B0785DB48}") = "HomeBudgetManager.Data", "src\HomeBudgetManager.Data\HomeBudgetManager.Data.shproj", "{F061A58C-75FE-4960-9797-4C7B1D1D7C10}"
EndProject
Project("{D954291E-2A0B-460D-934E-DC6B0785DB48}") = "HomeBudgetManager.Repository", "src\HomeBudgetManager.Repository\HomeBudgetManager.Repository.shproj", "{36BF0FAE-827F-4ED8-83C1-422909938240}"
EndProject
Project("{D954291E-2A0B-460D-934E-DC6B0785DB48}") = "HomeBudgetManager.Service", "src\HomeBudgetManager.Service\HomeBudgetManager.Service.shproj", "{C209C09D-A711-4610-BEB1-CC466AF844B4}"
EndProject
Global
	GlobalSection(SharedMSBuildProjectFiles) = preSolution
		src\HomeBudgetManager.Repository\HomeBudgetManager.Repository.projitems*{36bf0fae-827f-4ed8-83c1-422909938240}*SharedItemsImports = 13
		src\HomeBudgetManager.Service\HomeBudgetManager.Service.projitems*{c209c09d-a711-4610-beb1-cc466af844b4}*SharedItemsImports = 13
		src\HomeBudgetManager.Data\HomeBudgetManager.Data.projitems*{f061a58c-75fe-4960-9797-4c7b1d1d7c10}*SharedItemsImports = 13
	EndGlobalSection
	GlobalSection(SolutionConfigurationPlatforms) = preSolution
		Debug|Any CPU = Debug|Any CPU
		Release|Any CPU = Release|Any CPU
	EndGlobalSection
	GlobalSection(ProjectConfigurationPlatforms) = postSolution
		{C0F9D94E-1B01-4031-B465-2EBD8ACC0F2C}.Debug|Any CPU.ActiveCfg = Debug|Any CPU
		{C0F9D94E-1B01-4031-B465-2EBD8ACC0F2C}.Debug|Any CPU.Build.0 = Debug|Any CPU
		{C0F9D94E-1B01-4031-B465-2EBD8ACC0F2C}.Release|Any CPU.ActiveCfg = Release|Any CPU
		{C0F9D94E-1B01-4031-B465-2EBD8ACC0F2C}.Release|Any CPU.Build.0 = Release|Any CPU
		{8375334A-5851-4F5D-B79E-4593961FC7DF}.Debug|Any CPU.ActiveCfg = Debug|Any CPU
		{8375334A-5851-4F5D-B79E-4593961FC7DF}.Debug|Any CPU.Build.0 = Debug|Any CPU
		{8375334A-5851-4F5D-B79E-4593961FC7DF}.Release|Any CPU.ActiveCfg = Release|Any CPU
		{8375334A-5851-4F5D-B79E-4593961FC7DF}.Release|Any CPU.Build.0 = Release|Any CPU
	EndGlobalSection
	GlobalSection(SolutionProperties) = preSolution
		HideSolutionNode = FALSE
	EndGlobalSection
	GlobalSection(NestedProjects) = preSolution
		{C0F9D94E-1B01-4031-B465-2EBD8ACC0F2C} = {9E58572A-EE0F-47C9-A7C1-0FF831517CCD}
		{8375334A-5851-4F5D-B79E-4593961FC7DF} = {CCBF7173-0CA3-4921-A683-0E6C59897A2C}
		{F061A58C-75FE-4960-9797-4C7B1D1D7C10} = {9E58572A-EE0F-47C9-A7C1-0FF831517CCD}
		{36BF0FAE-827F-4ED8-83C1-422909938240} = {9E58572A-EE0F-47C9-A7C1-0FF831517CCD}
		{C209C09D-A711-4610-BEB1-CC466AF844B4} = {9E58572A-EE0F-47C9-A7C1-0FF831517CCD}
	EndGlobalSection
	GlobalSection(ExtensibilityGlobals) = postSolution
		SolutionGuid = {EFA01738-87A1-4759-9567-8A776861431B}
	EndGlobalSection
EndGlobal
